
Microsoft Visual Studio Solution File, Format Version 12.00
# Visual Studio Version 16
VisualStudioVersion = 16.0.30717.126
MinimumVisualStudioVersion = 10.0.40219.1
Project("{FAE04EC0-301F-11D3-BF4B-00C04F79EFBC}") = "api", "api\api.csproj", "{B9DB5DD5-1B94-4E27-A430-EF147398BF82}"
EndProject
Project("{FAE04EC0-301F-11D3-BF4B-00C04F79EFBC}") = "ng", "ng\ng.csproj", "{6869FC69-6CE9-4C57-A566-3E1E59E1EA0A}"
EndProject
Global
	GlobalSection(SolutionConfigurationPlatforms) = preSolution
		Debug|Any CPU = Debug|Any CPU
		Release|Any CPU = Release|Any CPU
	EndGlobalSection
	GlobalSection(ProjectConfigurationPlatforms) = postSolution
		{B9DB5DD5-1B94-4E27-A430-EF147398BF82}.Debug|Any CPU.ActiveCfg = Debug|Any CPU
		{B9DB5DD5-1B94-4E27-A430-EF147398BF82}.Debug|Any CPU.Build.0 = Debug|Any CPU
		{B9DB5DD5-1B94-4E27-A430-EF147398BF82}.Release|Any CPU.ActiveCfg = Release|Any CPU
		{B9DB5DD5-1B94-4E27-A430-EF147398BF82}.Release|Any CPU.Build.0 = Release|Any CPU
		{6869FC69-6CE9-4C57-A566-3E1E59E1EA0A}.Debug|Any CPU.ActiveCfg = Debug|Any CPU
		{6869FC69-6CE9-4C57-A566-3E1E59E1EA0A}.Debug|Any CPU.Build.0 = Debug|Any CPU
		{6869FC69-6CE9-4C57-A566-3E1E59E1EA0A}.Release|Any CPU.ActiveCfg = Release|Any CPU
		{6869FC69-6CE9-4C57-A566-3E1E59E1EA0A}.Release|Any CPU.Build.0 = Release|Any CPU
	EndGlobalSection
	GlobalSection(SolutionProperties) = preSolution
		HideSolutionNode = FALSE
	EndGlobalSection
	GlobalSection(ExtensibilityGlobals) = postSolution
		SolutionGuid = {4F0ADF8A-B6EB-41A6-81CB-F5753B7A6F32}
	EndGlobalSection
EndGlobal
